
Microsoft Visual Studio Solution File, Format Version 12.00
# Visual Studio Version 17
VisualStudioVersion = 17.10.35122.118
MinimumVisualStudioVersion = 10.0.40219.1
Project("{9A19103F-16F7-4668-BE54-9A1E7A4F7556}") = "ECUsuite", "ECUsuite\ECUsuite.csproj", "{A885C35D-AA41-4340-AD28-510500F27C4D}"
EndProject
Project("{9A19103F-16F7-4668-BE54-9A1E7A4F7556}") = "ECUsuite.Tools", "ECUsuite.Data\ECUsuite.Tools.csproj", "{9437170C-E4E5-45D3-977F-A68CE6E55E63}"
EndProject
Project("{9A19103F-16F7-4668-BE54-9A1E7A4F7556}") = "ECUsuite.MapEditor", "ECUsute.MapEditor\ECUsuite.MapEditor.csproj", "{2B4E6A3C-BB16-4D7A-A6E8-870DE3698ACF}"
EndProject
Project("{FAE04EC0-301F-11D3-BF4B-00C04F79EFBC}") = "ECUsuite.ECU.EDC15", "ECUsuite.EDC15\ECUsuite.ECU.EDC15.csproj", "{4B8DCE47-79D8-4B99-88A9-01BD44378005}"
EndProject
Project("{2150E333-8FDC-42A3-9474-1A3956D46DE8}") = "ECUs", "ECUs", "{6A79394E-83B3-4D83-BBA7-581AC85A40BA}"
EndProject
Project("{FAE04EC0-301F-11D3-BF4B-00C04F79EFBC}") = "ECUsuite.ECU.EDC16", "ECUsuite.EDC16\ECUsuite.ECU.EDC16.csproj", "{1531B1F3-4871-4D03-B675-CB24C0D6A931}"
EndProject
Project("{FAE04EC0-301F-11D3-BF4B-00C04F79EFBC}") = "ECUsuite.ECU.EDC17", "ECUsuite.EDC17\ECUsuite.ECU.EDC17.csproj", "{B2D892C5-135D-46C7-85FD-4A672235C60B}"
EndProject
Project("{FAE04EC0-301F-11D3-BF4B-00C04F79EFBC}") = "ECUsuite.ECU.MSA15", "ECUsuite.MSA15\ECUsuite.ECU.MSA15.csproj", "{969FB8D9-7647-4CC8-8E7A-6D9855F91180}"
EndProject
Project("{FAE04EC0-301F-11D3-BF4B-00C04F79EFBC}") = "ECUsuite.ECU.Base", "ECUsuite.Base\ECUsuite.ECU.Base.csproj", "{5187BA10-B746-40B9-A3AC-C1D1FE34F875}"
EndProject
Project("{FAE04EC0-301F-11D3-BF4B-00C04F79EFBC}") = "ECUsuite.ECU.MSA6", "ECUsuite.MSA6\ECUsuite.ECU.MSA6.csproj", "{D71F40CC-16FD-4239-A464-37EFD62A1C27}"
EndProject
Project("{2150E333-8FDC-42A3-9474-1A3956D46DE8}") = "CORE", "CORE", "{2ECB836E-2D58-48AA-A10F-93E81899B017}"
EndProject
Project("{FAE04EC0-301F-11D3-BF4B-00C04F79EFBC}") = "ECUsuite.ECU", "ECUsuite.ECU.Parser\ECUsuite.ECU.csproj", "{46D0C48D-3807-4DEC-93F1-779F2EFC6866}"
EndProject
Global
	GlobalSection(SolutionConfigurationPlatforms) = preSolution
		Debug|Any CPU = Debug|Any CPU
		Release|Any CPU = Release|Any CPU
	EndGlobalSection
	GlobalSection(ProjectConfigurationPlatforms) = postSolution
		{A885C35D-AA41-4340-AD28-510500F27C4D}.Debug|Any CPU.ActiveCfg = Debug|Any CPU
		{A885C35D-AA41-4340-AD28-510500F27C4D}.Debug|Any CPU.Build.0 = Debug|Any CPU
		{A885C35D-AA41-4340-AD28-510500F27C4D}.Release|Any CPU.ActiveCfg = Release|Any CPU
		{A885C35D-AA41-4340-AD28-510500F27C4D}.Release|Any CPU.Build.0 = Release|Any CPU
		{9437170C-E4E5-45D3-977F-A68CE6E55E63}.Debug|Any CPU.ActiveCfg = Debug|Any CPU
		{9437170C-E4E5-45D3-977F-A68CE6E55E63}.Debug|Any CPU.Build.0 = Debug|Any CPU
		{9437170C-E4E5-45D3-977F-A68CE6E55E63}.Release|Any CPU.ActiveCfg = Release|Any CPU
		{9437170C-E4E5-45D3-977F-A68CE6E55E63}.Release|Any CPU.Build.0 = Release|Any CPU
		{2B4E6A3C-BB16-4D7A-A6E8-870DE3698ACF}.Debug|Any CPU.ActiveCfg = Debug|Any CPU
		{2B4E6A3C-BB16-4D7A-A6E8-870DE3698ACF}.Debug|Any CPU.Build.0 = Debug|Any CPU
		{2B4E6A3C-BB16-4D7A-A6E8-870DE3698ACF}.Release|Any CPU.ActiveCfg = Release|Any CPU
		{2B4E6A3C-BB16-4D7A-A6E8-870DE3698ACF}.Release|Any CPU.Build.0 = Release|Any CPU
		{4B8DCE47-79D8-4B99-88A9-01BD44378005}.Debug|Any CPU.ActiveCfg = Debug|Any CPU
		{4B8DCE47-79D8-4B99-88A9-01BD44378005}.Debug|Any CPU.Build.0 = Debug|Any CPU
		{4B8DCE47-79D8-4B99-88A9-01BD44378005}.Release|Any CPU.ActiveCfg = Release|Any CPU
		{4B8DCE47-79D8-4B99-88A9-01BD44378005}.Release|Any CPU.Build.0 = Release|Any CPU
		{1531B1F3-4871-4D03-B675-CB24C0D6A931}.Debug|Any CPU.ActiveCfg = Debug|Any CPU
		{1531B1F3-4871-4D03-B675-CB24C0D6A931}.Debug|Any CPU.Build.0 = Debug|Any CPU
		{1531B1F3-4871-4D03-B675-CB24C0D6A931}.Release|Any CPU.ActiveCfg = Release|Any CPU
		{1531B1F3-4871-4D03-B675-CB24C0D6A931}.Release|Any CPU.Build.0 = Release|Any CPU
		{B2D892C5-135D-46C7-85FD-4A672235C60B}.Debug|Any CPU.ActiveCfg = Debug|Any CPU
		{B2D892C5-135D-46C7-85FD-4A672235C60B}.Debug|Any CPU.Build.0 = Debug|Any CPU
		{B2D892C5-135D-46C7-85FD-4A672235C60B}.Release|Any CPU.ActiveCfg = Release|Any CPU
		{B2D892C5-135D-46C7-85FD-4A672235C60B}.Release|Any CPU.Build.0 = Release|Any CPU
		{969FB8D9-7647-4CC8-8E7A-6D9855F91180}.Debug|Any CPU.ActiveCfg = Debug|Any CPU
		{969FB8D9-7647-4CC8-8E7A-6D9855F91180}.Debug|Any CPU.Build.0 = Debug|Any CPU
		{969FB8D9-7647-4CC8-8E7A-6D9855F91180}.Release|Any CPU.ActiveCfg = Release|Any CPU
		{969FB8D9-7647-4CC8-8E7A-6D9855F91180}.Release|Any CPU.Build.0 = Release|Any CPU
		{5187BA10-B746-40B9-A3AC-C1D1FE34F875}.Debug|Any CPU.ActiveCfg = Debug|Any CPU
		{5187BA10-B746-40B9-A3AC-C1D1FE34F875}.Debug|Any CPU.Build.0 = Debug|Any CPU
		{5187BA10-B746-40B9-A3AC-C1D1FE34F875}.Release|Any CPU.ActiveCfg = Release|Any CPU
		{5187BA10-B746-40B9-A3AC-C1D1FE34F875}.Release|Any CPU.Build.0 = Release|Any CPU
		{D71F40CC-16FD-4239-A464-37EFD62A1C27}.Debug|Any CPU.ActiveCfg = Debug|Any CPU
		{D71F40CC-16FD-4239-A464-37EFD62A1C27}.Debug|Any CPU.Build.0 = Debug|Any CPU
		{D71F40CC-16FD-4239-A464-37EFD62A1C27}.Release|Any CPU.ActiveCfg = Release|Any CPU
		{D71F40CC-16FD-4239-A464-37EFD62A1C27}.Release|Any CPU.Build.0 = Release|Any CPU
		{46D0C48D-3807-4DEC-93F1-779F2EFC6866}.Debug|Any CPU.ActiveCfg = Debug|Any CPU
		{46D0C48D-3807-4DEC-93F1-779F2EFC6866}.Debug|Any CPU.Build.0 = Debug|Any CPU
		{46D0C48D-3807-4DEC-93F1-779F2EFC6866}.Release|Any CPU.ActiveCfg = Release|Any CPU
		{46D0C48D-3807-4DEC-93F1-779F2EFC6866}.Release|Any CPU.Build.0 = Release|Any CPU
	EndGlobalSection
	GlobalSection(SolutionProperties) = preSolution
		HideSolutionNode = FALSE
	EndGlobalSection
	GlobalSection(NestedProjects) = preSolution
		{2B4E6A3C-BB16-4D7A-A6E8-870DE3698ACF} = {2ECB836E-2D58-48AA-A10F-93E81899B017}
		{4B8DCE47-79D8-4B99-88A9-01BD44378005} = {6A79394E-83B3-4D83-BBA7-581AC85A40BA}
		{1531B1F3-4871-4D03-B675-CB24C0D6A931} = {6A79394E-83B3-4D83-BBA7-581AC85A40BA}
		{B2D892C5-135D-46C7-85FD-4A672235C60B} = {6A79394E-83B3-4D83-BBA7-581AC85A40BA}
		{969FB8D9-7647-4CC8-8E7A-6D9855F91180} = {6A79394E-83B3-4D83-BBA7-581AC85A40BA}
		{5187BA10-B746-40B9-A3AC-C1D1FE34F875} = {6A79394E-83B3-4D83-BBA7-581AC85A40BA}
		{D71F40CC-16FD-4239-A464-37EFD62A1C27} = {6A79394E-83B3-4D83-BBA7-581AC85A40BA}
		{46D0C48D-3807-4DEC-93F1-779F2EFC6866} = {6A79394E-83B3-4D83-BBA7-581AC85A40BA}
	EndGlobalSection
	GlobalSection(ExtensibilityGlobals) = postSolution
		SolutionGuid = {E2867D8C-9C74-414A-891A-E8FA6E859FEB}
	EndGlobalSection
EndGlobal
